// !$*UTF8*$!
{
	archiveVersion = 1;
	classes = {
	};
	objectVersion = 55;
	objects = {

/* Begin PBXBuildFile section */
		6A9A7DC1273FEC5C000D0666 /* LoginViewController.swift in Sources */ = {isa = PBXBuildFile; fileRef = 6A9A7DC0273FEC5C000D0666 /* LoginViewController.swift */; };
		6ABC97BB27367CC700270502 /* AppDelegate.swift in Sources */ = {isa = PBXBuildFile; fileRef = 6ABC97BA27367CC700270502 /* AppDelegate.swift */; };
		6ABC97C427367CCB00270502 /* Assets.xcassets in Resources */ = {isa = PBXBuildFile; fileRef = 6ABC97C327367CCB00270502 /* Assets.xcassets */; };
		6ABC97C727367CCB00270502 /* LaunchScreen.storyboard in Resources */ = {isa = PBXBuildFile; fileRef = 6ABC97C527367CCB00270502 /* LaunchScreen.storyboard */; };
		6ABC97CF2736A1ED00270502 /* Main.storyboard in Resources */ = {isa = PBXBuildFile; fileRef = 6ABC97CE2736A1ED00270502 /* Main.storyboard */; };
		6ABC97D12737EEAC00270502 /* SignInViewController.swift in Sources */ = {isa = PBXBuildFile; fileRef = 6ABC97D02737EEAC00270502 /* SignInViewController.swift */; };
		6ABC97D32737EEC700270502 /* SignUpViewController.swift in Sources */ = {isa = PBXBuildFile; fileRef = 6ABC97D22737EEC700270502 /* SignUpViewController.swift */; };
		6ABC97D52737EF9E00270502 /* TabBarViewController.swift in Sources */ = {isa = PBXBuildFile; fileRef = 6ABC97D42737EF9E00270502 /* TabBarViewController.swift */; };
		6ABC97D72737F0B100270502 /* ForgotViewController.swift in Sources */ = {isa = PBXBuildFile; fileRef = 6ABC97D62737F0B100270502 /* ForgotViewController.swift */; };
		6ABC97D92738012D00270502 /* GoogleService-Info.plist in Resources */ = {isa = PBXBuildFile; fileRef = 6ABC97D82738012D00270502 /* GoogleService-Info.plist */; };
		6ABC97DD2738178100270502 /* CheckField.swift in Sources */ = {isa = PBXBuildFile; fileRef = 6ABC97DC2738178100270502 /* CheckField.swift */; };
		6ABC97DF27383BA900270502 /* Service.swift in Sources */ = {isa = PBXBuildFile; fileRef = 6ABC97DE27383BA900270502 /* Service.swift */; };
		6ABC97E127383D3300270502 /* Model.swift in Sources */ = {isa = PBXBuildFile; fileRef = 6ABC97E027383D3300270502 /* Model.swift */; };
		C32A6B353F85E21A7A3F4099 /* Pods_clientGit.framework in Frameworks */ = {isa = PBXBuildFile; fileRef = 587F5F43D986706EC104CCDD /* Pods_clientGit.framework */; };
/* End PBXBuildFile section */

/* Begin PBXFileReference section */
		587F5F43D986706EC104CCDD /* Pods_clientGit.framework */ = {isa = PBXFileReference; explicitFileType = wrapper.framework; includeInIndex = 0; path = Pods_clientGit.framework; sourceTree = BUILT_PRODUCTS_DIR; };
		5D19CB68EA23AD6EBF32EA32 /* Pods-clientGit.release.xcconfig */ = {isa = PBXFileReference; includeInIndex = 1; lastKnownFileType = text.xcconfig; name = "Pods-clientGit.release.xcconfig"; path = "Target Support Files/Pods-clientGit/Pods-clientGit.release.xcconfig"; sourceTree = "<group>"; };
		6A9A7DC0273FEC5C000D0666 /* LoginViewController.swift */ = {isa = PBXFileReference; lastKnownFileType = sourcecode.swift; path = LoginViewController.swift; sourceTree = "<group>"; };
		6ABC97B727367CC700270502 /* clientGit.app */ = {isa = PBXFileReference; explicitFileType = wrapper.application; includeInIndex = 0; path = clientGit.app; sourceTree = BUILT_PRODUCTS_DIR; };
		6ABC97BA27367CC700270502 /* AppDelegate.swift */ = {isa = PBXFileReference; lastKnownFileType = sourcecode.swift; path = AppDelegate.swift; sourceTree = "<group>"; };
		6ABC97C327367CCB00270502 /* Assets.xcassets */ = {isa = PBXFileReference; lastKnownFileType = folder.assetcatalog; path = Assets.xcassets; sourceTree = "<group>"; };
		6ABC97C627367CCB00270502 /* Base */ = {isa = PBXFileReference; lastKnownFileType = file.storyboard; name = Base; path = Base.lproj/LaunchScreen.storyboard; sourceTree = "<group>"; };
		6ABC97C827367CCB00270502 /* Info.plist */ = {isa = PBXFileReference; lastKnownFileType = text.plist.xml; path = Info.plist; sourceTree = "<group>"; };
		6ABC97CE2736A1ED00270502 /* Main.storyboard */ = {isa = PBXFileReference; lastKnownFileType = file.storyboard; path = Main.storyboard; sourceTree = "<group>"; };
		6ABC97D02737EEAC00270502 /* SignInViewController.swift */ = {isa = PBXFileReference; lastKnownFileType = sourcecode.swift; path = SignInViewController.swift; sourceTree = "<group>"; };
		6ABC97D22737EEC700270502 /* SignUpViewController.swift */ = {isa = PBXFileReference; lastKnownFileType = sourcecode.swift; path = SignUpViewController.swift; sourceTree = "<group>"; };
		6ABC97D42737EF9E00270502 /* TabBarViewController.swift */ = {isa = PBXFileReference; lastKnownFileType = sourcecode.swift; path = TabBarViewController.swift; sourceTree = "<group>"; };
		6ABC97D62737F0B100270502 /* ForgotViewController.swift */ = {isa = PBXFileReference; lastKnownFileType = sourcecode.swift; path = ForgotViewController.swift; sourceTree = "<group>"; };
		6ABC97D82738012D00270502 /* GoogleService-Info.plist */ = {isa = PBXFileReference; fileEncoding = 4; lastKnownFileType = text.plist.xml; path = "GoogleService-Info.plist"; sourceTree = "<group>"; };
		6ABC97DC2738178100270502 /* CheckField.swift */ = {isa = PBXFileReference; lastKnownFileType = sourcecode.swift; path = CheckField.swift; sourceTree = "<group>"; };
		6ABC97DE27383BA900270502 /* Service.swift */ = {isa = PBXFileReference; lastKnownFileType = sourcecode.swift; path = Service.swift; sourceTree = "<group>"; };
		6ABC97E027383D3300270502 /* Model.swift */ = {isa = PBXFileReference; lastKnownFileType = sourcecode.swift; path = Model.swift; sourceTree = "<group>"; };
		F5A8CE57D5BE21C45747D6B8 /* Pods-clientGit.debug.xcconfig */ = {isa = PBXFileReference; includeInIndex = 1; lastKnownFileType = text.xcconfig; name = "Pods-clientGit.debug.xcconfig"; path = "Target Support Files/Pods-clientGit/Pods-clientGit.debug.xcconfig"; sourceTree = "<group>"; };
/* End PBXFileReference section */

/* Begin PBXFrameworksBuildPhase section */
		6ABC97B427367CC700270502 /* Frameworks */ = {
			isa = PBXFrameworksBuildPhase;
			buildActionMask = 2147483647;
			files = (
				C32A6B353F85E21A7A3F4099 /* Pods_clientGit.framework in Frameworks */,
			);
			runOnlyForDeploymentPostprocessing = 0;
		};
/* End PBXFrameworksBuildPhase section */

/* Begin PBXGroup section */
		6A9A7DBD27399861000D0666 /* Controller */ = {
			isa = PBXGroup;
			children = (
				6A9A7DBF273998BD000D0666 /* Login */,
			);
			path = Controller;
			sourceTree = "<group>";
		};
		6A9A7DBE2739987E000D0666 /* View */ = {
			isa = PBXGroup;
			children = (
			);
			path = View;
			sourceTree = "<group>";
		};
		6A9A7DBF273998BD000D0666 /* Login */ = {
			isa = PBXGroup;
			children = (
				6ABC97D02737EEAC00270502 /* SignInViewController.swift */,
				6A9A7DC0273FEC5C000D0666 /* LoginViewController.swift */,
				6ABC97D62737F0B100270502 /* ForgotViewController.swift */,
				6ABC97D22737EEC700270502 /* SignUpViewController.swift */,
			);
			path = Login;
			sourceTree = "<group>";
		};
		6ABC97AE27367CC600270502 = {
			isa = PBXGroup;
			children = (
				6ABC97B927367CC700270502 /* clientGit */,
				6ABC97B827367CC700270502 /* Products */,
				777AC6457DD05D0C5661340E /* Frameworks */,
				7D8D602780646857663863A6 /* Pods */,
			);
			sourceTree = "<group>";
		};
		6ABC97B827367CC700270502 /* Products */ = {
			isa = PBXGroup;
			children = (
				6ABC97B727367CC700270502 /* clientGit.app */,
			);
			name = Products;
			sourceTree = "<group>";
		};
		6ABC97B927367CC700270502 /* clientGit */ = {
			isa = PBXGroup;
			children = (
				6A9A7DBD27399861000D0666 /* Controller */,
				6A9A7DBE2739987E000D0666 /* View */,
				6ABC97DA273816B400270502 /* Model */,
				6ABC97BA27367CC700270502 /* AppDelegate.swift */,
				6ABC97CE2736A1ED00270502 /* Main.storyboard */,
				6ABC97D42737EF9E00270502 /* TabBarViewController.swift */,
				6ABC97C327367CCB00270502 /* Assets.xcassets */,
				6ABC97C527367CCB00270502 /* LaunchScreen.storyboard */,
				6ABC97C827367CCB00270502 /* Info.plist */,
				6ABC97D82738012D00270502 /* GoogleService-Info.plist */,
			);
			path = clientGit;
			sourceTree = "<group>";
		};
		6ABC97DA273816B400270502 /* Model */ = {
			isa = PBXGroup;
			children = (
				6ABC97DC2738178100270502 /* CheckField.swift */,
				6ABC97DE27383BA900270502 /* Service.swift */,
				6ABC97E027383D3300270502 /* Model.swift */,
			);
			path = Model;
			sourceTree = "<group>";
		};
		777AC6457DD05D0C5661340E /* Frameworks */ = {
			isa = PBXGroup;
			children = (
				587F5F43D986706EC104CCDD /* Pods_clientGit.framework */,
			);
			name = Frameworks;
			sourceTree = "<group>";
		};
		7D8D602780646857663863A6 /* Pods */ = {
			isa = PBXGroup;
			children = (
				F5A8CE57D5BE21C45747D6B8 /* Pods-clientGit.debug.xcconfig */,
				5D19CB68EA23AD6EBF32EA32 /* Pods-clientGit.release.xcconfig */,
			);
			name = Pods;
			path = Pods;
			sourceTree = "<group>";
		};
/* End PBXGroup section */

/* Begin PBXNativeTarget section */
		6ABC97B627367CC700270502 /* clientGit */ = {
			isa = PBXNativeTarget;
			buildConfigurationList = 6ABC97CB27367CCB00270502 /* Build configuration list for PBXNativeTarget "clientGit" */;
			buildPhases = (
				158E5D5D8CD0FE64E47BA501 /* [CP] Check Pods Manifest.lock */,
				6ABC97B327367CC700270502 /* Sources */,
				6ABC97B427367CC700270502 /* Frameworks */,
				6ABC97B527367CC700270502 /* Resources */,
				10837F979C740EA5C521583F /* [CP] Embed Pods Frameworks */,
			);
			buildRules = (
			);
			dependencies = (
			);
			name = clientGit;
			productName = clientGit;
			productReference = 6ABC97B727367CC700270502 /* clientGit.app */;
			productType = "com.apple.product-type.application";
		};
/* End PBXNativeTarget section */

/* Begin PBXProject section */
		6ABC97AF27367CC600270502 /* Project object */ = {
			isa = PBXProject;
			attributes = {
				BuildIndependentTargetsInParallel = 1;
				LastSwiftUpdateCheck = 1310;
				LastUpgradeCheck = 1310;
				TargetAttributes = {
					6ABC97B627367CC700270502 = {
						CreatedOnToolsVersion = 13.1;
					};
				};
			};
			buildConfigurationList = 6ABC97B227367CC600270502 /* Build configuration list for PBXProject "clientGit" */;
			compatibilityVersion = "Xcode 13.0";
			developmentRegion = en;
			hasScannedForEncodings = 0;
			knownRegions = (
				en,
				Base,
			);
			mainGroup = 6ABC97AE27367CC600270502;
			productRefGroup = 6ABC97B827367CC700270502 /* Products */;
			projectDirPath = "";
			projectRoot = "";
			targets = (
				6ABC97B627367CC700270502 /* clientGit */,
			);
		};
/* End PBXProject section */

/* Begin PBXResourcesBuildPhase section */
		6ABC97B527367CC700270502 /* Resources */ = {
			isa = PBXResourcesBuildPhase;
			buildActionMask = 2147483647;
			files = (
				6ABC97C727367CCB00270502 /* LaunchScreen.storyboard in Resources */,
				6ABC97D92738012D00270502 /* GoogleService-Info.plist in Resources */,
				6ABC97C427367CCB00270502 /* Assets.xcassets in Resources */,
				6ABC97CF2736A1ED00270502 /* Main.storyboard in Resources */,
			);
			runOnlyForDeploymentPostprocessing = 0;
		};
/* End PBXResourcesBuildPhase section */

/* Begin PBXShellScriptBuildPhase section */
		10837F979C740EA5C521583F /* [CP] Embed Pods Frameworks */ = {
			isa = PBXShellScriptBuildPhase;
			buildActionMask = 2147483647;
			files = (
			);
			inputFileListPaths = (
				"${PODS_ROOT}/Target Support Files/Pods-clientGit/Pods-clientGit-frameworks-${CONFIGURATION}-input-files.xcfilelist",
			);
			name = "[CP] Embed Pods Frameworks";
			outputFileListPaths = (
				"${PODS_ROOT}/Target Support Files/Pods-clientGit/Pods-clientGit-frameworks-${CONFIGURATION}-output-files.xcfilelist",
			);
			runOnlyForDeploymentPostprocessing = 0;
			shellPath = /bin/sh;
			shellScript = "\"${PODS_ROOT}/Target Support Files/Pods-clientGit/Pods-clientGit-frameworks.sh\"\n";
			showEnvVarsInLog = 0;
		};
		158E5D5D8CD0FE64E47BA501 /* [CP] Check Pods Manifest.lock */ = {
			isa = PBXShellScriptBuildPhase;
			buildActionMask = 2147483647;
			files = (
			);
			inputFileListPaths = (
			);
			inputPaths = (
				"${PODS_PODFILE_DIR_PATH}/Podfile.lock",
				"${PODS_ROOT}/Manifest.lock",
			);
			name = "[CP] Check Pods Manifest.lock";
			outputFileListPaths = (
			);
			outputPaths = (
				"$(DERIVED_FILE_DIR)/Pods-clientGit-checkManifestLockResult.txt",
			);
			runOnlyForDeploymentPostprocessing = 0;
			shellPath = /bin/sh;
			shellScript = "diff \"${PODS_PODFILE_DIR_PATH}/Podfile.lock\" \"${PODS_ROOT}/Manifest.lock\" > /dev/null\nif [ $? != 0 ] ; then\n    # print error to STDERR\n    echo \"error: The sandbox is not in sync with the Podfile.lock. Run 'pod install' or update your CocoaPods installation.\" >&2\n    exit 1\nfi\n# This output is used by Xcode 'outputs' to avoid re-running this script phase.\necho \"SUCCESS\" > \"${SCRIPT_OUTPUT_FILE_0}\"\n";
			showEnvVarsInLog = 0;
		};
/* End PBXShellScriptBuildPhase section */

/* Begin PBXSourcesBuildPhase section */
		6ABC97B327367CC700270502 /* Sources */ = {
			isa = PBXSourcesBuildPhase;
			buildActionMask = 2147483647;
			files = (
				6A9A7DC1273FEC5C000D0666 /* LoginViewController.swift in Sources */,
				6ABC97BB27367CC700270502 /* AppDelegate.swift in Sources */,
				6ABC97DF27383BA900270502 /* Service.swift in Sources */,
				6ABC97D32737EEC700270502 /* SignUpViewController.swift in Sources */,
				6ABC97D52737EF9E00270502 /* TabBarViewController.swift in Sources */,
				6ABC97D72737F0B100270502 /* ForgotViewController.swift in Sources */,
				6ABC97D12737EEAC00270502 /* SignInViewController.swift in Sources */,
				6ABC97DD2738178100270502 /* CheckField.swift in Sources */,
				6ABC97E127383D3300270502 /* Model.swift in Sources */,
			);
			runOnlyForDeploymentPostprocessing = 0;
		};
/* End PBXSourcesBuildPhase section */

/* Begin PBXVariantGroup section */
		6ABC97C527367CCB00270502 /* LaunchScreen.storyboard */ = {
			isa = PBXVariantGroup;
			children = (
				6ABC97C627367CCB00270502 /* Base */,
			);
			name = LaunchScreen.storyboard;
			sourceTree = "<group>";
		};
/* End PBXVariantGroup section */

/* Begin XCBuildConfiguration section */
		6ABC97C927367CCB00270502 /* Debug */ = {
			isa = XCBuildConfiguration;
			buildSettings = {
				ALWAYS_SEARCH_USER_PATHS = NO;
				CLANG_ANALYZER_NONNULL = YES;
				CLANG_ANALYZER_NUMBER_OBJECT_CONVERSION = YES_AGGRESSIVE;
				CLANG_CXX_LANGUAGE_STANDARD = "gnu++17";
				CLANG_CXX_LIBRARY = "libc++";
				CLANG_ENABLE_MODULES = YES;
				CLANG_ENABLE_OBJC_ARC = YES;
				CLANG_ENABLE_OBJC_WEAK = YES;
				CLANG_WARN_BLOCK_CAPTURE_AUTORELEASING = YES;
				CLANG_WARN_BOOL_CONVERSION = YES;
				CLANG_WARN_COMMA = YES;
				CLANG_WARN_CONSTANT_CONVERSION = YES;
				CLANG_WARN_DEPRECATED_OBJC_IMPLEMENTATIONS = YES;
				CLANG_WARN_DIRECT_OBJC_ISA_USAGE = YES_ERROR;
				CLANG_WARN_DOCUMENTATION_COMMENTS = YES;
				CLANG_WARN_EMPTY_BODY = YES;
				CLANG_WARN_ENUM_CONVERSION = YES;
				CLANG_WARN_INFINITE_RECURSION = YES;
				CLANG_WARN_INT_CONVERSION = YES;
				CLANG_WARN_NON_LITERAL_NULL_CONVERSION = YES;
				CLANG_WARN_OBJC_IMPLICIT_RETAIN_SELF = YES;
				CLANG_WARN_OBJC_LITERAL_CONVERSION = YES;
				CLANG_WARN_OBJC_ROOT_CLASS = YES_ERROR;
				CLANG_WARN_QUOTED_INCLUDE_IN_FRAMEWORK_HEADER = YES;
				CLANG_WARN_RANGE_LOOP_ANALYSIS = YES;
				CLANG_WARN_STRICT_PROTOTYPES = YES;
				CLANG_WARN_SUSPICIOUS_MOVE = YES;
				CLANG_WARN_UNGUARDED_AVAILABILITY = YES_AGGRESSIVE;
				CLANG_WARN_UNREACHABLE_CODE = YES;
				CLANG_WARN__DUPLICATE_METHOD_MATCH = YES;
				COPY_PHASE_STRIP = NO;
				DEBUG_INFORMATION_FORMAT = dwarf;
				ENABLE_STRICT_OBJC_MSGSEND = YES;
				ENABLE_TESTABILITY = YES;
				GCC_C_LANGUAGE_STANDARD = gnu11;
				GCC_DYNAMIC_NO_PIC = NO;
				GCC_NO_COMMON_BLOCKS = YES;
				GCC_OPTIMIZATION_LEVEL = 0;
				GCC_PREPROCESSOR_DEFINITIONS = (
					"DEBUG=1",
					"$(inherited)",
				);
				GCC_WARN_64_TO_32_BIT_CONVERSION = YES;
				GCC_WARN_ABOUT_RETURN_TYPE = YES_ERROR;
				GCC_WARN_UNDECLARED_SELECTOR = YES;
				GCC_WARN_UNINITIALIZED_AUTOS = YES_AGGRESSIVE;
				GCC_WARN_UNUSED_FUNCTION = YES;
				GCC_WARN_UNUSED_VARIABLE = YES;
				IPHONEOS_DEPLOYMENT_TARGET = 15.0;
				MTL_ENABLE_DEBUG_INFO = INCLUDE_SOURCE;
				MTL_FAST_MATH = YES;
				ONLY_ACTIVE_ARCH = YES;
				SDKROOT = iphoneos;
				SWIFT_ACTIVE_COMPILATION_CONDITIONS = DEBUG;
				SWIFT_OPTIMIZATION_LEVEL = "-Onone";
			};
			name = Debug;
		};
		6ABC97CA27367CCB00270502 /* Release */ = {
			isa = XCBuildConfiguration;
			buildSettings = {
				ALWAYS_SEARCH_USER_PATHS = NO;
				CLANG_ANALYZER_NONNULL = YES;
				CLANG_ANALYZER_NUMBER_OBJECT_CONVERSION = YES_AGGRESSIVE;
				CLANG_CXX_LANGUAGE_STANDARD = "gnu++17";
				CLANG_CXX_LIBRARY = "libc++";
				CLANG_ENABLE_MODULES = YES;
				CLANG_ENABLE_OBJC_ARC = YES;
				CLANG_ENABLE_OBJC_WEAK = YES;
				CLANG_WARN_BLOCK_CAPTURE_AUTORELEASING = YES;
				CLANG_WARN_BOOL_CONVERSION = YES;
				CLANG_WARN_COMMA = YES;
				CLANG_WARN_CONSTANT_CONVERSION = YES;
				CLANG_WARN_DEPRECATED_OBJC_IMPLEMENTATIONS = YES;
				CLANG_WARN_DIRECT_OBJC_ISA_USAGE = YES_ERROR;
				CLANG_WARN_DOCUMENTATION_COMMENTS = YES;
				CLANG_WARN_EMPTY_BODY = YES;
				CLANG_WARN_ENUM_CONVERSION = YES;
				CLANG_WARN_INFINITE_RECURSION = YES;
				CLANG_WARN_INT_CONVERSION = YES;
				CLANG_WARN_NON_LITERAL_NULL_CONVERSION = YES;
				CLANG_WARN_OBJC_IMPLICIT_RETAIN_SELF = YES;
				CLANG_WARN_OBJC_LITERAL_CONVERSION = YES;
				CLANG_WARN_OBJC_ROOT_CLASS = YES_ERROR;
				CLANG_WARN_QUOTED_INCLUDE_IN_FRAMEWORK_HEADER = YES;
				CLANG_WARN_RANGE_LOOP_ANALYSIS = YES;
				CLANG_WARN_STRICT_PROTOTYPES = YES;
				CLANG_WARN_SUSPICIOUS_MOVE = YES;
				CLANG_WARN_UNGUARDED_AVAILABILITY = YES_AGGRESSIVE;
				CLANG_WARN_UNREACHABLE_CODE = YES;
				CLANG_WARN__DUPLICATE_METHOD_MATCH = YES;
				COPY_PHASE_STRIP = NO;
				DEBUG_INFORMATION_FORMAT = "dwarf-with-dsym";
				ENABLE_NS_ASSERTIONS = NO;
				ENABLE_STRICT_OBJC_MSGSEND = YES;
				GCC_C_LANGUAGE_STANDARD = gnu11;
				GCC_NO_COMMON_BLOCKS = YES;
				GCC_WARN_64_TO_32_BIT_CONVERSION = YES;
				GCC_WARN_ABOUT_RETURN_TYPE = YES_ERROR;
				GCC_WARN_UNDECLARED_SELECTOR = YES;
				GCC_WARN_UNINITIALIZED_AUTOS = YES_AGGRESSIVE;
				GCC_WARN_UNUSED_FUNCTION = YES;
				GCC_WARN_UNUSED_VARIABLE = YES;
				IPHONEOS_DEPLOYMENT_TARGET = 15.0;
				MTL_ENABLE_DEBUG_INFO = NO;
				MTL_FAST_MATH = YES;
				SDKROOT = iphoneos;
				SWIFT_COMPILATION_MODE = wholemodule;
				SWIFT_OPTIMIZATION_LEVEL = "-O";
				VALIDATE_PRODUCT = YES;
			};
			name = Release;
		};
		6ABC97CC27367CCB00270502 /* Debug */ = {
			isa = XCBuildConfiguration;
			baseConfigurationReference = F5A8CE57D5BE21C45747D6B8 /* Pods-clientGit.debug.xcconfig */;
			buildSettings = {
				ASSETCATALOG_COMPILER_APPICON_NAME = AppIcon;
				ASSETCATALOG_COMPILER_GLOBAL_ACCENT_COLOR_NAME = AccentColor;
				CODE_SIGN_STYLE = Automatic;
				CURRENT_PROJECT_VERSION = 1;
				GENERATE_INFOPLIST_FILE = YES;
				INFOPLIST_FILE = clientGit/Info.plist;
				INFOPLIST_KEY_UIApplicationSupportsIndirectInputEvents = YES;
				INFOPLIST_KEY_UILaunchStoryboardName = LaunchScreen;
				INFOPLIST_KEY_UIMainStoryboardFile = Main;
				INFOPLIST_KEY_UISupportedInterfaceOrientations_iPad = "UIInterfaceOrientationPortrait UIInterfaceOrientationPortraitUpsideDown UIInterfaceOrientationLandscapeLeft UIInterfaceOrientationLandscapeRight";
				INFOPLIST_KEY_UISupportedInterfaceOrientations_iPhone = "UIInterfaceOrientationPortrait UIInterfaceOrientationLandscapeLeft UIInterfaceOrientationLandscapeRight";
				LD_RUNPATH_SEARCH_PATHS = (
					"$(inherited)",
					"@executable_path/Frameworks",
				);
				MARKETING_VERSION = 1.0;
				PRODUCT_BUNDLE_IDENTIFIER = KokorinAleksey.clientGit;
				PRODUCT_NAME = "$(TARGET_NAME)";
				SWIFT_EMIT_LOC_STRINGS = YES;
				SWIFT_VERSION = 5.0;
				TARGETED_DEVICE_FAMILY = "1,2";
			};
			name = Debug;
		};
		6ABC97CD27367CCB00270502 /* Release */ = {
			isa = XCBuildConfiguration;
			baseConfigurationReference = 5D19CB68EA23AD6EBF32EA32 /* Pods-clientGit.release.xcconfig */;
			buildSettings = {
				ASSETCATALOG_COMPILER_APPICON_NAME = AppIcon;
				ASSETCATALOG_COMPILER_GLOBAL_ACCENT_COLOR_NAME = AccentColor;
				CODE_SIGN_STYLE = Automatic;
				CURRENT_PROJECT_VERSION = 1;
				GENERATE_INFOPLIST_FILE = YES;
				INFOPLIST_FILE = clientGit/Info.plist;
				INFOPLIST_KEY_UIApplicationSupportsIndirectInputEvents = YES;
				INFOPLIST_KEY_UILaunchStoryboardName = LaunchScreen;
				INFOPLIST_KEY_UIMainStoryboardFile = Main;
				INFOPLIST_KEY_UISupportedInterfaceOrientations_iPad = "UIInterfaceOrientationPortrait UIInterfaceOrientationPortraitUpsideDown UIInterfaceOrientationLandscapeLeft UIInterfaceOrientationLandscapeRight";
				INFOPLIST_KEY_UISupportedInterfaceOrientations_iPhone = "UIInterfaceOrientationPortrait UIInterfaceOrientationLandscapeLeft UIInterfaceOrientationLandscapeRight";
				LD_RUNPATH_SEARCH_PATHS = (
					"$(inherited)",
					"@executable_path/Frameworks",
				);
				MARKETING_VERSION = 1.0;
				PRODUCT_BUNDLE_IDENTIFIER = KokorinAleksey.clientGit;
				PRODUCT_NAME = "$(TARGET_NAME)";
				SWIFT_EMIT_LOC_STRINGS = YES;
				SWIFT_VERSION = 5.0;
				TARGETED_DEVICE_FAMILY = "1,2";
			};
			name = Release;
		};
/* End XCBuildConfiguration section */

/* Begin XCConfigurationList section */
		6ABC97B227367CC600270502 /* Build configuration list for PBXProject "clientGit" */ = {
			isa = XCConfigurationList;
			buildConfigurations = (
				6ABC97C927367CCB00270502 /* Debug */,
				6ABC97CA27367CCB00270502 /* Release */,
			);
			defaultConfigurationIsVisible = 0;
			defaultConfigurationName = Release;
		};
		6ABC97CB27367CCB00270502 /* Build configuration list for PBXNativeTarget "clientGit" */ = {
			isa = XCConfigurationList;
			buildConfigurations = (
				6ABC97CC27367CCB00270502 /* Debug */,
				6ABC97CD27367CCB00270502 /* Release */,
			);
			defaultConfigurationIsVisible = 0;
			defaultConfigurationName = Release;
		};
/* End XCConfigurationList section */
	};
	rootObject = 6ABC97AF27367CC600270502 /* Project object */;
}
